{
  "requires": true,
  "lockfileVersion": 1,
  "dependencies": {
    "colorette": {
      "version": "1.2.1",
      "resolved": "https://registry.npm.taobao.org/colorette/download/colorette-1.2.1.tgz",
      "integrity": "sha1-TQuSEyXBT6+SYzCGpTbbbolWSxs=",
      "dev": true
    },
    "esbuild": {
      "version": "0.8.29",
      "resolved": "https://registry.npm.taobao.org/esbuild/download/esbuild-0.8.29.tgz",
      "integrity": "sha1-zCD7dS4JBaNUbWiuG+WPm5cETDk=",
      "dev": true
    },
    "fsevents": {
      "version": "2.1.3",
      "resolved": "https://registry.npm.taobao.org/fsevents/download/fsevents-2.1.3.tgz?cache=0&sync_timestamp=1609861413593&other_urls=https%3A%2F%2Fregistry.npm.taobao.org%2Ffsevents%2Fdownload%2Ffsevents-2.1.3.tgz",
      "integrity": "sha1-+3OHA66NL5/pAMM4Nt3r7ouX8j4=",
      "dev": true,
      "optional": true
    },
    "function-bind": {
      "version": "1.1.1",
      "resolved": "https://registry.npm.taobao.org/function-bind/download/function-bind-1.1.1.tgz",
      "integrity": "sha1-pWiZ0+o8m6uHS7l3O3xe3pL0iV0=",
      "dev": true
    },
    "has": {
      "version": "1.0.3",
      "resolved": "https://registry.npm.taobao.org/has/download/has-1.0.3.tgz",
      "integrity": "sha1-ci18v8H2qoJB8W3YFOAR4fQeh5Y=",
      "dev": true,
      "requires": {
        "function-bind": "^1.1.1"
      }
    },
    "is-core-module": {
      "version": "2.2.0",
      "resolved": "https://registry.npm.taobao.org/is-core-module/download/is-core-module-2.2.0.tgz?cache=0&sync_timestamp=1606411622542&other_urls=https%3A%2F%2Fregistry.npm.taobao.org%2Fis-core-module%2Fdownload%2Fis-core-module-2.2.0.tgz",
      "integrity": "sha1-lwN+89UiJNhRY/VZeytj2a/tmBo=",
      "dev": true,
      "requires": {
        "has": "^1.0.3"
      }
    },
    "nanoid": {
      "version": "3.1.20",
      "resolved": "https://registry.npm.taobao.org/nanoid/download/nanoid-3.1.20.tgz?cache=0&sync_timestamp=1606833958647&other_urls=https%3A%2F%2Fregistry.npm.taobao.org%2Fnanoid%2Fdownload%2Fnanoid-3.1.20.tgz",
      "integrity": "sha1-utwmPGsdzxS3HvqoX2q0wdbPx4g=",
      "dev": true
    },
    "path-parse": {
      "version": "1.0.6",
      "resolved": "https://registry.npm.taobao.org/path-parse/download/path-parse-1.0.6.tgz",
      "integrity": "sha1-1i27VnlAXXLEc37FhgDp3c8G0kw=",
      "dev": true
    },
    "postcss": {
      "version": "8.2.2",
      "resolved": "https://registry.npm.taobao.org/postcss/download/postcss-8.2.2.tgz?cache=0&sync_timestamp=1609273929629&other_urls=https%3A%2F%2Fregistry.npm.taobao.org%2Fpostcss%2Fdownload%2Fpostcss-8.2.2.tgz",
      "integrity": "sha1-YGE7YilwBQhP0hAkpoY3eYhk/iY=",
      "dev": true,
      "requires": {
        "colorette": "^1.2.1",
        "nanoid": "^3.1.20",
        "source-map": "^0.6.1"
      }
    },
    "resolve": {
      "version": "1.19.0",
      "resolved": "https://registry.npm.taobao.org/resolve/download/resolve-1.19.0.tgz?cache=0&sync_timestamp=1605052120709&other_urls=https%3A%2F%2Fregistry.npm.taobao.org%2Fresolve%2Fdownload%2Fresolve-1.19.0.tgz",
      "integrity": "sha1-GvW/YwQJc0oGfK4pMYqsf6KaJnw=",
      "dev": true,
      "requires": {
        "is-core-module": "^2.1.0",
        "path-parse": "^1.0.6"
      }
    },
    "rollup": {
      "version": "2.36.0",
      "resolved": "https://registry.npm.taobao.org/rollup/download/rollup-2.36.0.tgz?cache=0&sync_timestamp=1609851920531&other_urls=https%3A%2F%2Fregistry.npm.taobao.org%2Frollup%2Fdownload%2Frollup-2.36.0.tgz",
      "integrity": "sha1-ryzeo29w+j3lhoQMJgSILftNCqw=",
      "dev": true,
      "requires": {
        "fsevents": "~2.1.2"
      }
    },
    "source-map": {
      "version": "0.6.1",
      "resolved": "https://registry.npm.taobao.org/source-map/download/source-map-0.6.1.tgz",
      "integrity": "sha1-dHIq8y6WFOnCh6jQu95IteLxomM=",
      "dev": true
    },
    "vite": {
      "version": "2.0.0-beta.9",
      "resolved": "https://registry.npm.taobao.org/vite/download/vite-2.0.0-beta.9.tgz",
      "integrity": "sha1-6KwrTnvpfaDadmTanh6yLj3b1vY=",
      "dev": true,
      "requires": {
        "esbuild": "^0.8.26",
        "fsevents": "~2.1.2",
        "postcss": "^8.2.1",
        "resolve": "^1.19.0",
        "rollup": "^2.35.1"
      }
    }
  }
}
